// !$*UTF8*$!
{
	archiveVersion = 1;
	classes = {
	};
	objectVersion = 48;
	objects = {

/* Begin PBXBuildFile section */
		D6388A061FB8171E00C48E8C /* AppDelegate.swift in Sources */ = {isa = PBXBuildFile; fileRef = D6388A051FB8171E00C48E8C /* AppDelegate.swift */; };
		D6388A081FB8171E00C48E8C /* ViewController.swift in Sources */ = {isa = PBXBuildFile; fileRef = D6388A071FB8171E00C48E8C /* ViewController.swift */; };
		D6388A0B1FB8171E00C48E8C /* Main.storyboard in Resources */ = {isa = PBXBuildFile; fileRef = D6388A091FB8171E00C48E8C /* Main.storyboard */; };
		D6388A0D1FB8171E00C48E8C /* Assets.xcassets in Resources */ = {isa = PBXBuildFile; fileRef = D6388A0C1FB8171E00C48E8C /* Assets.xcassets */; };
		D6388A101FB8171E00C48E8C /* LaunchScreen.storyboard in Resources */ = {isa = PBXBuildFile; fileRef = D6388A0E1FB8171E00C48E8C /* LaunchScreen.storyboard */; };
		D6388A1C1FB82FCD00C48E8C /* Resnet50.mlmodel in Sources */ = {isa = PBXBuildFile; fileRef = D6388A1B1FB82FCD00C48E8C /* Resnet50.mlmodel */; };
/* End PBXBuildFile section */

/* Begin PBXFileReference section */
		D6388A021FB8171E00C48E8C /* Real Time Object Identifier.app */ = {isa = PBXFileReference; explicitFileType = wrapper.application; includeInIndex = 0; path = "Real Time Object Identifier.app"; sourceTree = BUILT_PRODUCTS_DIR; };
		D6388A051FB8171E00C48E8C /* AppDelegate.swift */ = {isa = PBXFileReference; lastKnownFileType = sourcecode.swift; path = AppDelegate.swift; sourceTree = "<group>"; };
		D6388A071FB8171E00C48E8C /* ViewController.swift */ = {isa = PBXFileReference; lastKnownFileType = sourcecode.swift; path = ViewController.swift; sourceTree = "<group>"; };
		D6388A0A1FB8171E00C48E8C /* Base */ = {isa = PBXFileReference; lastKnownFileType = file.storyboard; name = Base; path = Base.lproj/Main.storyboard; sourceTree = "<group>"; };
		D6388A0C1FB8171E00C48E8C /* Assets.xcassets */ = {isa = PBXFileReference; lastKnownFileType = folder.assetcatalog; path = Assets.xcassets; sourceTree = "<group>"; };
		D6388A0F1FB8171E00C48E8C /* Base */ = {isa = PBXFileReference; lastKnownFileType = file.storyboard; name = Base; path = Base.lproj/LaunchScreen.storyboard; sourceTree = "<group>"; };
		D6388A111FB8171E00C48E8C /* Info.plist */ = {isa = PBXFileReference; lastKnownFileType = text.plist.xml; path = Info.plist; sourceTree = "<group>"; };
		D6388A1B1FB82FCD00C48E8C /* Resnet50.mlmodel */ = {isa = PBXFileReference; lastKnownFileType = file.mlmodel; path = Resnet50.mlmodel; sourceTree = "<group>"; };
/* End PBXFileReference section */

/* Begin PBXFrameworksBuildPhase section */
		D63889FF1FB8171E00C48E8C /* Frameworks */ = {
			isa = PBXFrameworksBuildPhase;
			buildActionMask = 2147483647;
			files = (
			);
			runOnlyForDeploymentPostprocessing = 0;
		};
/* End PBXFrameworksBuildPhase section */

/* Begin PBXGroup section */
		D63889F91FB8171E00C48E8C = {
			isa = PBXGroup;
			children = (
				D6388A041FB8171E00C48E8C /* Real Time Object Identifier */,
				D6388A031FB8171E00C48E8C /* Products */,
			);
			sourceTree = "<group>";
		};
		D6388A031FB8171E00C48E8C /* Products */ = {
			isa = PBXGroup;
			children = (
				D6388A021FB8171E00C48E8C /* Real Time Object Identifier.app */,
			);
			name = Products;
			sourceTree = "<group>";
		};
		D6388A041FB8171E00C48E8C /* Real Time Object Identifier */ = {
			isa = PBXGroup;
			children = (
				D6388A1B1FB82FCD00C48E8C /* Resnet50.mlmodel */,
				D6388A051FB8171E00C48E8C /* AppDelegate.swift */,
				D6388A071FB8171E00C48E8C /* ViewController.swift */,
				D6388A091FB8171E00C48E8C /* Main.storyboard */,
				D6388A0C1FB8171E00C48E8C /* Assets.xcassets */,
				D6388A0E1FB8171E00C48E8C /* LaunchScreen.storyboard */,
				D6388A111FB8171E00C48E8C /* Info.plist */,
			);
			path = "Real Time Object Identifier";
			sourceTree = "<group>";
		};
/* End PBXGroup section */

/* Begin PBXNativeTarget section */
		D6388A011FB8171E00C48E8C /* Real Time Object Identifier */ = {
			isa = PBXNativeTarget;
			buildConfigurationList = D6388A141FB8171E00C48E8C /* Build configuration list for PBXNativeTarget "Real Time Object Identifier" */;
			buildPhases = (
				D63889FE1FB8171E00C48E8C /* Sources */,
				D63889FF1FB8171E00C48E8C /* Frameworks */,
				D6388A001FB8171E00C48E8C /* Resources */,
			);
			buildRules = (
			);
			dependencies = (
			);
			name = "Real Time Object Identifier";
			productName = CoreML;
			productReference = D6388A021FB8171E00C48E8C /* Real Time Object Identifier.app */;
			productType = "com.apple.product-type.application";
		};
/* End PBXNativeTarget section */

/* Begin PBXProject section */
		D63889FA1FB8171E00C48E8C /* Project object */ = {
			isa = PBXProject;
			attributes = {
				LastSwiftUpdateCheck = 0910;
				LastUpgradeCheck = 0910;
				ORGANIZATIONNAME = "Firoz Khursheed";
				TargetAttributes = {
					D6388A011FB8171E00C48E8C = {
						CreatedOnToolsVersion = 9.1;
						ProvisioningStyle = Automatic;
					};
				};
			};
			buildConfigurationList = D63889FD1FB8171E00C48E8C /* Build configuration list for PBXProject "Real Time Object Identifier" */;
			compatibilityVersion = "Xcode 8.0";
			developmentRegion = en;
			hasScannedForEncodings = 0;
			knownRegions = (
				en,
				Base,
			);
			mainGroup = D63889F91FB8171E00C48E8C;
			productRefGroup = D6388A031FB8171E00C48E8C /* Products */;
			projectDirPath = "";
			projectRoot = "";
			targets = (
				D6388A011FB8171E00C48E8C /* Real Time Object Identifier */,
			);
		};
/* End PBXProject section */

/* Begin PBXResourcesBuildPhase section */
		D6388A001FB8171E00C48E8C /* Resources */ = {
			isa = PBXResourcesBuildPhase;
			buildActionMask = 2147483647;
			files = (
				D6388A101FB8171E00C48E8C /* LaunchScreen.storyboard in Resources */,
				D6388A0D1FB8171E00C48E8C /* Assets.xcassets in Resources */,
				D6388A0B1FB8171E00C48E8C /* Main.storyboard in Resources */,
			);
			runOnlyForDeploymentPostprocessing = 0;
		};
/* End PBXResourcesBuildPhase section */

/* Begin PBXSourcesBuildPhase section */
		D63889FE1FB8171E00C48E8C /* Sources */ = {
			isa = PBXSourcesBuildPhase;
			buildActionMask = 2147483647;
			files = (
				D6388A081FB8171E00C48E8C /* ViewController.swift in Sources */,
				D6388A1C1FB82FCD00C48E8C /* Resnet50.mlmodel in Sources */,
				D6388A061FB8171E00C48E8C /* AppDelegate.swift in Sources */,
			);
			runOnlyForDeploymentPostprocessing = 0;
		};
/* End PBXSourcesBuildPhase section */

/* Begin PBXVariantGroup section */
		D6388A091FB8171E00C48E8C /* Main.storyboard */ = {
			isa = PBXVariantGroup;
			children = (
				D6388A0A1FB8171E00C48E8C /* Base */,
			);
			name = Main.storyboard;
			sourceTree = "<group>";
		};
		D6388A0E1FB8171E00C48E8C /* LaunchScreen.storyboard */ = {
			isa = PBXVariantGroup;
			children = (
				D6388A0F1FB8171E00C48E8C /* Base */,
			);
			name = LaunchScreen.storyboard;
			sourceTree = "<group>";
		};
/* End PBXVariantGroup section */

/* Begin XCBuildConfiguration section */
		D6388A121FB8171E00C48E8C /* Debug */ = {
			isa = XCBuildConfiguration;
			buildSettings = {
				ALWAYS_SEARCH_USER_PATHS = NO;
				CLANG_ANALYZER_NONNULL = YES;
				CLANG_ANALYZER_NUMBER_OBJECT_CONVERSION = YES_AGGRESSIVE;
				CLANG_CXX_LANGUAGE_STANDARD = "gnu++14";
				CLANG_CXX_LIBRARY = "libc++";
				CLANG_ENABLE_MODULES = YES;
				CLANG_ENABLE_OBJC_ARC = YES;
				CLANG_WARN_BLOCK_CAPTURE_AUTORELEASING = YES;
				CLANG_WARN_BOOL_CONVERSION = YES;
				CLANG_WARN_COMMA = YES;
				CLANG_WARN_CONSTANT_CONVERSION = YES;
				CLANG_WARN_DIRECT_OBJC_ISA_USAGE = YES_ERROR;
				CLANG_WARN_DOCUMENTATION_COMMENTS = YES;
				CLANG_WARN_EMPTY_BODY = YES;
				CLANG_WARN_ENUM_CONVERSION = YES;
				CLANG_WARN_INFINITE_RECURSION = YES;
				CLANG_WARN_INT_CONVERSION = YES;
				CLANG_WARN_NON_LITERAL_NULL_CONVERSION = YES;
				CLANG_WARN_OBJC_LITERAL_CONVERSION = YES;
				CLANG_WARN_OBJC_ROOT_CLASS = YES_ERROR;
				CLANG_WARN_RANGE_LOOP_ANALYSIS = YES;
				CLANG_WARN_STRICT_PROTOTYPES = YES;
				CLANG_WARN_SUSPICIOUS_MOVE = YES;
				CLANG_WARN_UNGUARDED_AVAILABILITY = YES_AGGRESSIVE;
				CLANG_WARN_UNREACHABLE_CODE = YES;
				CLANG_WARN__DUPLICATE_METHOD_MATCH = YES;
				CODE_SIGN_IDENTITY = "iPhone Developer";
				COPY_PHASE_STRIP = NO;
				DEBUG_INFORMATION_FORMAT = dwarf;
				ENABLE_STRICT_OBJC_MSGSEND = YES;
				ENABLE_TESTABILITY = YES;
				GCC_C_LANGUAGE_STANDARD = gnu11;
				GCC_DYNAMIC_NO_PIC = NO;
				GCC_NO_COMMON_BLOCKS = YES;
				GCC_OPTIMIZATION_LEVEL = 0;
				GCC_PREPROCESSOR_DEFINITIONS = (
					"DEBUG=1",
					"$(inherited)",
				);
				GCC_WARN_64_TO_32_BIT_CONVERSION = YES;
				GCC_WARN_ABOUT_RETURN_TYPE = YES_ERROR;
				GCC_WARN_UNDECLARED_SELECTOR = YES;
				GCC_WARN_UNINITIALIZED_AUTOS = YES_AGGRESSIVE;
				GCC_WARN_UNUSED_FUNCTION = YES;
				GCC_WARN_UNUSED_VARIABLE = YES;
				IPHONEOS_DEPLOYMENT_TARGET = 11.1;
				MTL_ENABLE_DEBUG_INFO = YES;
				ONLY_ACTIVE_ARCH = YES;
				SDKROOT = iphoneos;
				SWIFT_ACTIVE_COMPILATION_CONDITIONS = DEBUG;
				SWIFT_OPTIMIZATION_LEVEL = "-Onone";
			};
			name = Debug;
		};
		D6388A131FB8171E00C48E8C /* Release */ = {
			isa = XCBuildConfiguration;
			buildSettings = {
				ALWAYS_SEARCH_USER_PATHS = NO;
				CLANG_ANALYZER_NONNULL = YES;
				CLANG_ANALYZER_NUMBER_OBJECT_CONVERSION = YES_AGGRESSIVE;
				CLANG_CXX_LANGUAGE_STANDARD = "gnu++14";
				CLANG_CXX_LIBRARY = "libc++";
				CLANG_ENABLE_MODULES = YES;
				CLANG_ENABLE_OBJC_ARC = YES;
				CLANG_WARN_BLOCK_CAPTURE_AUTORELEASING = YES;
				CLANG_WARN_BOOL_CONVERSION = YES;
				CLANG_WARN_COMMA = YES;
				CLANG_WARN_CONSTANT_CONVERSION = YES;
				CLANG_WARN_DIRECT_OBJC_ISA_USAGE = YES_ERROR;
				CLANG_WARN_DOCUMENTATION_COMMENTS = YES;
				CLANG_WARN_EMPTY_BODY = YES;
				CLANG_WARN_ENUM_CONVERSION = YES;
				CLANG_WARN_INFINITE_RECURSION = YES;
				CLANG_WARN_INT_CONVERSION = YES;
				CLANG_WARN_NON_LITERAL_NULL_CONVERSION = YES;
				CLANG_WARN_OBJC_LITERAL_CONVERSION = YES;
				CLANG_WARN_OBJC_ROOT_CLASS = YES_ERROR;
				CLANG_WARN_RANGE_LOOP_ANALYSIS = YES;
				CLANG_WARN_STRICT_PROTOTYPES = YES;
				CLANG_WARN_SUSPICIOUS_MOVE = YES;
				CLANG_WARN_UNGUARDED_AVAILABILITY = YES_AGGRESSIVE;
				CLANG_WARN_UNREACHABLE_CODE = YES;
				CLANG_WARN__DUPLICATE_METHOD_MATCH = YES;
				CODE_SIGN_IDENTITY = "iPhone Developer";
				COPY_PHASE_STRIP = NO;
				DEBUG_INFORMATION_FORMAT = "dwarf-with-dsym";
				ENABLE_NS_ASSERTIONS = NO;
				ENABLE_STRICT_OBJC_MSGSEND = YES;
				GCC_C_LANGUAGE_STANDARD = gnu11;
				GCC_NO_COMMON_BLOCKS = YES;
				GCC_WARN_64_TO_32_BIT_CONVERSION = YES;
				GCC_WARN_ABOUT_RETURN_TYPE = YES_ERROR;
				GCC_WARN_UNDECLARED_SELECTOR = YES;
				GCC_WARN_UNINITIALIZED_AUTOS = YES_AGGRESSIVE;
				GCC_WARN_UNUSED_FUNCTION = YES;
				GCC_WARN_UNUSED_VARIABLE = YES;
				IPHONEOS_DEPLOYMENT_TARGET = 11.1;
				MTL_ENABLE_DEBUG_INFO = NO;
				SDKROOT = iphoneos;
				SWIFT_OPTIMIZATION_LEVEL = "-Owholemodule";
				VALIDATE_PRODUCT = YES;
			};
			name = Release;
		};
		D6388A151FB8171E00C48E8C /* Debug */ = {
			isa = XCBuildConfiguration;
			buildSettings = {
				ASSETCATALOG_COMPILER_APPICON_NAME = AppIcon;
				CODE_SIGN_STYLE = Automatic;
				DEVELOPMENT_TEAM = 98EYNEVC83;
				INFOPLIST_FILE = "$(SRCROOT)/Real Time Object Identifier/Info.plist";
				IPHONEOS_DEPLOYMENT_TARGET = 11.0;
				LD_RUNPATH_SEARCH_PATHS = "$(inherited) @executable_path/Frameworks";
				PRODUCT_BUNDLE_IDENTIFIER = self.RealTimeObjectIdentifier;
				PRODUCT_NAME = "$(TARGET_NAME)";
				SWIFT_VERSION = 4.0;
				TARGETED_DEVICE_FAMILY = "1,2";
			};
			name = Debug;
		};
		D6388A161FB8171E00C48E8C /* Release */ = {
			isa = XCBuildConfiguration;
			buildSettings = {
				ASSETCATALOG_COMPILER_APPICON_NAME = AppIcon;
				CODE_SIGN_STYLE = Automatic;
				DEVELOPMENT_TEAM = 98EYNEVC83;
				INFOPLIST_FILE = "$(SRCROOT)/Real Time Object Identifier/Info.plist";
				IPHONEOS_DEPLOYMENT_TARGET = 11.0;
				LD_RUNPATH_SEARCH_PATHS = "$(inherited) @executable_path/Frameworks";
				PRODUCT_BUNDLE_IDENTIFIER = self.RealTimeObjectIdentifier;
				PRODUCT_NAME = "$(TARGET_NAME)";
				SWIFT_VERSION = 4.0;
				TARGETED_DEVICE_FAMILY = "1,2";
			};
			name = Release;
		};
/* End XCBuildConfiguration section */

/* Begin XCConfigurationList section */
		D63889FD1FB8171E00C48E8C /* Build configuration list for PBXProject "Real Time Object Identifier" */ = {
			isa = XCConfigurationList;
			buildConfigurations = (
				D6388A121FB8171E00C48E8C /* Debug */,
				D6388A131FB8171E00C48E8C /* Release */,
			);
			defaultConfigurationIsVisible = 0;
			defaultConfigurationName = Release;
		};
		D6388A141FB8171E00C48E8C /* Build configuration list for PBXNativeTarget "Real Time Object Identifier" */ = {
			isa = XCConfigurationList;
			buildConfigurations = (
				D6388A151FB8171E00C48E8C /* Debug */,
				D6388A161FB8171E00C48E8C /* Release */,
			);
			defaultConfigurationIsVisible = 0;
			defaultConfigurationName = Release;
		};
/* End XCConfigurationList section */
	};
	rootObject = D63889FA1FB8171E00C48E8C /* Project object */;
}
